
Microsoft Visual Studio Solution File, Format Version 12.00
# Visual Studio Version 17
VisualStudioVersion = 17.9.34728.123
MinimumVisualStudioVersion = 10.0.40219.1
Project("{9A19103F-16F7-4668-BE54-9A1E7A4F7556}") = "MultiOpenBrowser", "EShopHelper\MultiOpenBrowser.csproj", "{3CB95145-7106-4C16-9965-BD6EC3812659}"
EndProject
Project("{2150E333-8FDC-42A3-9474-1A3956D46DE8}") = "Solution Items", "Solution Items", "{7B46B6EF-C524-4895-B6F6-E4002210B9F5}"
	ProjectSection(SolutionItems) = preProject
		.editorconfig = .editorconfig
		.gitignore = .gitignore
		Directory.Build.props = Directory.Build.props
	EndProjectSection
EndProject
Global
	GlobalSection(SolutionConfigurationPlatforms) = preSolution
		Debug|Any CPU = Debug|Any CPU
		Release|Any CPU = Release|Any CPU
	EndGlobalSection
	GlobalSection(ProjectConfigurationPlatforms) = postSolution
		{3CB95145-7106-4C16-9965-BD6EC3812659}.Debug|Any CPU.ActiveCfg = Debug|Any CPU
		{3CB95145-7106-4C16-9965-BD6EC3812659}.Debug|Any CPU.Build.0 = Debug|Any CPU
		{3CB95145-7106-4C16-9965-BD6EC3812659}.Release|Any CPU.ActiveCfg = Release|Any CPU
		{3CB95145-7106-4C16-9965-BD6EC3812659}.Release|Any CPU.Build.0 = Release|Any CPU
	EndGlobalSection
	GlobalSection(SolutionProperties) = preSolution
		HideSolutionNode = FALSE
	EndGlobalSection
	GlobalSection(ExtensibilityGlobals) = postSolution
		SolutionGuid = {75F63509-BD37-43C1-B030-BFB221BCE252}
	EndGlobalSection
EndGlobal
